Microsoft Visual Studio Solution File, Format Version 12.00
# Visual Studio 2012
Project("{FAE04EC0-301F-11D3-BF4B-00C04F79EFBC}") = "Star Wars- Starfighters", "Star Wars- Starfighters.csproj", "{33822E7B-812C-4C6C-856C-FAF92549E7AE}"
EndProject
Global
	GlobalSection(SolutionConfigurationPlatforms) = preSolution
	Debug|Any CPU = Debug|Any CPU
	ExportDebug|Any CPU = ExportDebug|Any CPU
	ExportRelease|Any CPU = ExportRelease|Any CPU
	EndGlobalSection
	GlobalSection(ProjectConfigurationPlatforms) = postSolution
		{33822E7B-812C-4C6C-856C-FAF92549E7AE}.Debug|Any CPU.ActiveCfg = Debug|Any CPU
		{33822E7B-812C-4C6C-856C-FAF92549E7AE}.Debug|Any CPU.Build.0 = Debug|Any CPU
		{33822E7B-812C-4C6C-856C-FAF92549E7AE}.ExportDebug|Any CPU.ActiveCfg = ExportDebug|Any CPU
		{33822E7B-812C-4C6C-856C-FAF92549E7AE}.ExportDebug|Any CPU.Build.0 = ExportDebug|Any CPU
		{33822E7B-812C-4C6C-856C-FAF92549E7AE}.ExportRelease|Any CPU.ActiveCfg = ExportRelease|Any CPU
		{33822E7B-812C-4C6C-856C-FAF92549E7AE}.ExportRelease|Any CPU.Build.0 = ExportRelease|Any CPU
	EndGlobalSection
EndGlobal
